
Microsoft Visual Studio Solution File, Format Version 12.00
# Visual Studio 15
VisualStudioVersion = 15.0.26730.12
MinimumVisualStudioVersion = 10.0.40219.1
Project("{FAE04EC0-301F-11D3-BF4B-00C04F79EFBC}") = "RTCE_Launcher", "RTCE_Launcher\RTCE_Launcher.csproj", "{B78DEF2A-AD49-48C8-ABBE-86FF002316BC}"
EndProject
Project("{FAE04EC0-301F-11D3-BF4B-00C04F79EFBC}") = "Common", "Common\Common.csproj", "{AFAB62CA-84AC-48A0-8035-F15A1A46F300}"
EndProject
Project("{FAE04EC0-301F-11D3-BF4B-00C04F79EFBC}") = "UpdateServer", "UpdateServer\UpdateServer.csproj", "{56A753BB-22A7-40D7-BA80-381674B11582}"
EndProject
Global
	GlobalSection(SolutionConfigurationPlatforms) = preSolution
		Debug|Any CPU = Debug|Any CPU
		Release|Any CPU = Release|Any CPU
	EndGlobalSection
	GlobalSection(ProjectConfigurationPlatforms) = postSolution
		{B78DEF2A-AD49-48C8-ABBE-86FF002316BC}.Debug|Any CPU.ActiveCfg = Debug|Any CPU
		{B78DEF2A-AD49-48C8-ABBE-86FF002316BC}.Debug|Any CPU.Build.0 = Debug|Any CPU
		{B78DEF2A-AD49-48C8-ABBE-86FF002316BC}.Release|Any CPU.ActiveCfg = Release|Any CPU
		{B78DEF2A-AD49-48C8-ABBE-86FF002316BC}.Release|Any CPU.Build.0 = Release|Any CPU
		{AFAB62CA-84AC-48A0-8035-F15A1A46F300}.Debug|Any CPU.ActiveCfg = Debug|Any CPU
		{AFAB62CA-84AC-48A0-8035-F15A1A46F300}.Debug|Any CPU.Build.0 = Debug|Any CPU
		{AFAB62CA-84AC-48A0-8035-F15A1A46F300}.Release|Any CPU.ActiveCfg = Release|Any CPU
		{AFAB62CA-84AC-48A0-8035-F15A1A46F300}.Release|Any CPU.Build.0 = Release|Any CPU
		{56A753BB-22A7-40D7-BA80-381674B11582}.Debug|Any CPU.ActiveCfg = Debug|Any CPU
		{56A753BB-22A7-40D7-BA80-381674B11582}.Debug|Any CPU.Build.0 = Debug|Any CPU
		{56A753BB-22A7-40D7-BA80-381674B11582}.Release|Any CPU.ActiveCfg = Release|Any CPU
		{56A753BB-22A7-40D7-BA80-381674B11582}.Release|Any CPU.Build.0 = Release|Any CPU
	EndGlobalSection
	GlobalSection(SolutionProperties) = preSolution
		HideSolutionNode = FALSE
	EndGlobalSection
	GlobalSection(ExtensibilityGlobals) = postSolution
		SolutionGuid = {2313DD71-FA8E-4197-8A6A-9AA21AB7CE8C}
	EndGlobalSection
EndGlobal
